
Microsoft Visual Studio Solution File, Format Version 12.00
# Visual Studio Version 17
VisualStudioVersion = 17.6.33829.357
MinimumVisualStudioVersion = 10.0.40219.1
Project("{2150E333-8FDC-42A3-9474-1A3956D46DE8}") = "Core", "Core", "{11B814BA-FE27-4744-9BF4-525052D61A90}"
EndProject
Project("{2150E333-8FDC-42A3-9474-1A3956D46DE8}") = "Infrastructure", "Infrastructure", "{A42AAF34-AFC3-40AF-8EB1-573FE2C802BA}"
EndProject
Project("{2150E333-8FDC-42A3-9474-1A3956D46DE8}") = "Presentation", "Presentation", "{271E99C6-6525-475B-81A0-22E5C03B4DD9}"
EndProject
Project("{2150E333-8FDC-42A3-9474-1A3956D46DE8}") = "src", "src", "{8FBD6F42-5155-4F91-BBEA-EC4DBC45DCC4}"
EndProject
Project("{2150E333-8FDC-42A3-9474-1A3956D46DE8}") = "Application", "Application", "{4D35566C-3A82-4E78-8CE1-FE64A2A784FE}"
EndProject
Project("{2150E333-8FDC-42A3-9474-1A3956D46DE8}") = "Domain", "Domain", "{C900B0E1-C0B7-4CAB-B614-0E4C9889FA7F}"
EndProject
Project("{9A19103F-16F7-4668-BE54-9A1E7A4F7556}") = "HA.Api", "src\Presentation\HA.Api\HA.Api.csproj", "{1139D073-951F-47E0-A8DD-5279C74C2E5D}"
EndProject
Project("{FAE04EC0-301F-11D3-BF4B-00C04F79EFBC}") = "HA.Domain", "src\Core\Domain\HA.Domain\HA.Domain.csproj", "{8FC3AFEA-1E6F-4E9F-831D-13D9E6ACF8D5}"
EndProject
Global
	GlobalSection(SolutionConfigurationPlatforms) = preSolution
		Debug|Any CPU = Debug|Any CPU
		Release|Any CPU = Release|Any CPU
	EndGlobalSection
	GlobalSection(ProjectConfigurationPlatforms) = postSolution
		{1139D073-951F-47E0-A8DD-5279C74C2E5D}.Debug|Any CPU.ActiveCfg = Debug|Any CPU
		{1139D073-951F-47E0-A8DD-5279C74C2E5D}.Debug|Any CPU.Build.0 = Debug|Any CPU
		{1139D073-951F-47E0-A8DD-5279C74C2E5D}.Release|Any CPU.ActiveCfg = Release|Any CPU
		{1139D073-951F-47E0-A8DD-5279C74C2E5D}.Release|Any CPU.Build.0 = Release|Any CPU
		{8FC3AFEA-1E6F-4E9F-831D-13D9E6ACF8D5}.Debug|Any CPU.ActiveCfg = Debug|Any CPU
		{8FC3AFEA-1E6F-4E9F-831D-13D9E6ACF8D5}.Debug|Any CPU.Build.0 = Debug|Any CPU
		{8FC3AFEA-1E6F-4E9F-831D-13D9E6ACF8D5}.Release|Any CPU.ActiveCfg = Release|Any CPU
		{8FC3AFEA-1E6F-4E9F-831D-13D9E6ACF8D5}.Release|Any CPU.Build.0 = Release|Any CPU
	EndGlobalSection
	GlobalSection(SolutionProperties) = preSolution
		HideSolutionNode = FALSE
	EndGlobalSection
	GlobalSection(NestedProjects) = preSolution
		{11B814BA-FE27-4744-9BF4-525052D61A90} = {8FBD6F42-5155-4F91-BBEA-EC4DBC45DCC4}
		{A42AAF34-AFC3-40AF-8EB1-573FE2C802BA} = {8FBD6F42-5155-4F91-BBEA-EC4DBC45DCC4}
		{271E99C6-6525-475B-81A0-22E5C03B4DD9} = {8FBD6F42-5155-4F91-BBEA-EC4DBC45DCC4}
		{4D35566C-3A82-4E78-8CE1-FE64A2A784FE} = {11B814BA-FE27-4744-9BF4-525052D61A90}
		{C900B0E1-C0B7-4CAB-B614-0E4C9889FA7F} = {11B814BA-FE27-4744-9BF4-525052D61A90}
		{1139D073-951F-47E0-A8DD-5279C74C2E5D} = {271E99C6-6525-475B-81A0-22E5C03B4DD9}
		{8FC3AFEA-1E6F-4E9F-831D-13D9E6ACF8D5} = {C900B0E1-C0B7-4CAB-B614-0E4C9889FA7F}
	EndGlobalSection
	GlobalSection(ExtensibilityGlobals) = postSolution
		SolutionGuid = {9C1589C4-DBCC-4343-920F-D20DC964AA2D}
	EndGlobalSection
EndGlobal
